
Microsoft Visual Studio Solution File, Format Version 12.00
# Visual Studio Version 16
VisualStudioVersion = 16.0.30413.136
MinimumVisualStudioVersion = 10.0.40219.1
Project("{FAE04EC0-301F-11D3-BF4B-00C04F79EFBC}") = "IOCContainer", "IOCContainer\IOCContainer.csproj", "{83805E01-CF4E-4ECD-9D9C-2EA4CC64791B}"
EndProject
Project("{FAE04EC0-301F-11D3-BF4B-00C04F79EFBC}") = "Test", "Test\Test.csproj", "{6B479770-16B0-4139-ABAE-CADB8F833860}"
EndProject
Global
	GlobalSection(SolutionConfigurationPlatforms) = preSolution
		Debug|Any CPU = Debug|Any CPU
		Release|Any CPU = Release|Any CPU
	EndGlobalSection
	GlobalSection(ProjectConfigurationPlatforms) = postSolution
		{83805E01-CF4E-4ECD-9D9C-2EA4CC64791B}.Debug|Any CPU.ActiveCfg = Debug|Any CPU
		{83805E01-CF4E-4ECD-9D9C-2EA4CC64791B}.Debug|Any CPU.Build.0 = Debug|Any CPU
		{83805E01-CF4E-4ECD-9D9C-2EA4CC64791B}.Release|Any CPU.ActiveCfg = Release|Any CPU
		{83805E01-CF4E-4ECD-9D9C-2EA4CC64791B}.Release|Any CPU.Build.0 = Release|Any CPU
		{6B479770-16B0-4139-ABAE-CADB8F833860}.Debug|Any CPU.ActiveCfg = Debug|Any CPU
		{6B479770-16B0-4139-ABAE-CADB8F833860}.Debug|Any CPU.Build.0 = Debug|Any CPU
		{6B479770-16B0-4139-ABAE-CADB8F833860}.Release|Any CPU.ActiveCfg = Release|Any CPU
		{6B479770-16B0-4139-ABAE-CADB8F833860}.Release|Any CPU.Build.0 = Release|Any CPU
	EndGlobalSection
	GlobalSection(SolutionProperties) = preSolution
		HideSolutionNode = FALSE
	EndGlobalSection
	GlobalSection(ExtensibilityGlobals) = postSolution
		SolutionGuid = {97413BE7-9995-4F70-99AD-6A4BD0111E35}
	EndGlobalSection
EndGlobal
